// !$*UTF8*$!
{
	archiveVersion = 1;
	classes = {
	};
	objectVersion = 55;
	objects = {

/* Begin PBXBuildFile section */
		8427D64A28194C5E0061F2C7 /* RoundingTransition.swift in Sources */ = {isa = PBXBuildFile; fileRef = 8427D64928194C5E0061F2C7 /* RoundingTransition.swift */; };
		847986EE2805DDD800CD81BB /* PosterFullViewController.swift in Sources */ = {isa = PBXBuildFile; fileRef = 847986ED2805DDD800CD81BB /* PosterFullViewController.swift */; };
		8494AFC027F45AE300F40EE2 /* DetailFilmViewController.swift in Sources */ = {isa = PBXBuildFile; fileRef = 8494AFBF27F45AE300F40EE2 /* DetailFilmViewController.swift */; };
		8494AFC227F45AF100F40EE2 /* FilmPicsViewController.swift in Sources */ = {isa = PBXBuildFile; fileRef = 8494AFC127F45AF100F40EE2 /* FilmPicsViewController.swift */; };
		8494AFC427F45B1300F40EE2 /* FullPicViewController.swift in Sources */ = {isa = PBXBuildFile; fileRef = 8494AFC327F45B1300F40EE2 /* FullPicViewController.swift */; };
		8494AFC627F45B2000F40EE2 /* FavoriteViewController.swift in Sources */ = {isa = PBXBuildFile; fileRef = 8494AFC527F45B2000F40EE2 /* FavoriteViewController.swift */; };
		8494AFC827F4630000F40EE2 /* JSONModel.swift in Sources */ = {isa = PBXBuildFile; fileRef = 8494AFC727F4630000F40EE2 /* JSONModel.swift */; };
		84A50204282BA9D70079F854 /* Model.swift in Sources */ = {isa = PBXBuildFile; fileRef = 84A50203282BA9D70079F854 /* Model.swift */; };
		84A50206282BF65D0079F854 /* FavoriteFilmCell.swift in Sources */ = {isa = PBXBuildFile; fileRef = 84A50205282BF65D0079F854 /* FavoriteFilmCell.swift */; };
		84A50208282BF71C0079F854 /* FavoriteFilmCell.xib in Resources */ = {isa = PBXBuildFile; fileRef = 84A50207282BF71C0079F854 /* FavoriteFilmCell.xib */; };
		84B7325B27F5C703004199DA /* FilmCollectionViewCell.swift in Sources */ = {isa = PBXBuildFile; fileRef = 84B7325A27F5C703004199DA /* FilmCollectionViewCell.swift */; };
		84C5BFF627FDD95F00686DCA /* FilmCollectionViewCell.xib in Resources */ = {isa = PBXBuildFile; fileRef = 84C5BFF527FDD95F00686DCA /* FilmCollectionViewCell.xib */; };
		84E695DA27F44AEC00338343 /* AppDelegate.swift in Sources */ = {isa = PBXBuildFile; fileRef = 84E695D927F44AEC00338343 /* AppDelegate.swift */; };
		84E695DC27F44AEC00338343 /* SceneDelegate.swift in Sources */ = {isa = PBXBuildFile; fileRef = 84E695DB27F44AEC00338343 /* SceneDelegate.swift */; };
		84E695DE27F44AEC00338343 /* MainViewController.swift in Sources */ = {isa = PBXBuildFile; fileRef = 84E695DD27F44AEC00338343 /* MainViewController.swift */; };
		84E695E127F44AEC00338343 /* Main.storyboard in Resources */ = {isa = PBXBuildFile; fileRef = 84E695DF27F44AEC00338343 /* Main.storyboard */; };
		84E695E327F44AEE00338343 /* Assets.xcassets in Resources */ = {isa = PBXBuildFile; fileRef = 84E695E227F44AEE00338343 /* Assets.xcassets */; };
		84E695E627F44AEE00338343 /* LaunchScreen.storyboard in Resources */ = {isa = PBXBuildFile; fileRef = 84E695E427F44AEE00338343 /* LaunchScreen.storyboard */; };
/* End PBXBuildFile section */

/* Begin PBXFileReference section */
		8427D64928194C5E0061F2C7 /* RoundingTransition.swift */ = {isa = PBXFileReference; lastKnownFileType = sourcecode.swift; path = RoundingTransition.swift; sourceTree = "<group>"; };
		847986ED2805DDD800CD81BB /* PosterFullViewController.swift */ = {isa = PBXFileReference; lastKnownFileType = sourcecode.swift; path = PosterFullViewController.swift; sourceTree = "<group>"; };
		8494AFBF27F45AE300F40EE2 /* DetailFilmViewController.swift */ = {isa = PBXFileReference; lastKnownFileType = sourcecode.swift; path = DetailFilmViewController.swift; sourceTree = "<group>"; };
		8494AFC127F45AF100F40EE2 /* FilmPicsViewController.swift */ = {isa = PBXFileReference; lastKnownFileType = sourcecode.swift; path = FilmPicsViewController.swift; sourceTree = "<group>"; };
		8494AFC327F45B1300F40EE2 /* FullPicViewController.swift */ = {isa = PBXFileReference; lastKnownFileType = sourcecode.swift; path = FullPicViewController.swift; sourceTree = "<group>"; };
		8494AFC527F45B2000F40EE2 /* FavoriteViewController.swift */ = {isa = PBXFileReference; lastKnownFileType = sourcecode.swift; path = FavoriteViewController.swift; sourceTree = "<group>"; };
		8494AFC727F4630000F40EE2 /* JSONModel.swift */ = {isa = PBXFileReference; lastKnownFileType = sourcecode.swift; path = JSONModel.swift; sourceTree = "<group>"; };
		84A50203282BA9D70079F854 /* Model.swift */ = {isa = PBXFileReference; lastKnownFileType = sourcecode.swift; path = Model.swift; sourceTree = "<group>"; };
		84A50205282BF65D0079F854 /* FavoriteFilmCell.swift */ = {isa = PBXFileReference; lastKnownFileType = sourcecode.swift; path = FavoriteFilmCell.swift; sourceTree = "<group>"; };
		84A50207282BF71C0079F854 /* FavoriteFilmCell.xib */ = {isa = PBXFileReference; lastKnownFileType = file.xib; path = FavoriteFilmCell.xib; sourceTree = "<group>"; };
		84B7325A27F5C703004199DA /* FilmCollectionViewCell.swift */ = {isa = PBXFileReference; lastKnownFileType = sourcecode.swift; path = FilmCollectionViewCell.swift; sourceTree = "<group>"; };
		84C5BFF527FDD95F00686DCA /* FilmCollectionViewCell.xib */ = {isa = PBXFileReference; lastKnownFileType = file.xib; path = FilmCollectionViewCell.xib; sourceTree = "<group>"; };
		84E695D627F44AEC00338343 /* FilmsApp.app */ = {isa = PBXFileReference; explicitFileType = wrapper.application; includeInIndex = 0; path = FilmsApp.app; sourceTree = BUILT_PRODUCTS_DIR; };
		84E695D927F44AEC00338343 /* AppDelegate.swift */ = {isa = PBXFileReference; lastKnownFileType = sourcecode.swift; path = AppDelegate.swift; sourceTree = "<group>"; };
		84E695DB27F44AEC00338343 /* SceneDelegate.swift */ = {isa = PBXFileReference; lastKnownFileType = sourcecode.swift; path = SceneDelegate.swift; sourceTree = "<group>"; };
		84E695DD27F44AEC00338343 /* MainViewController.swift */ = {isa = PBXFileReference; lastKnownFileType = sourcecode.swift; path = MainViewController.swift; sourceTree = "<group>"; };
		84E695E027F44AEC00338343 /* Base */ = {isa = PBXFileReference; lastKnownFileType = file.storyboard; name = Base; path = Base.lproj/Main.storyboard; sourceTree = "<group>"; };
		84E695E227F44AEE00338343 /* Assets.xcassets */ = {isa = PBXFileReference; lastKnownFileType = folder.assetcatalog; path = Assets.xcassets; sourceTree = "<group>"; };
		84E695E527F44AEE00338343 /* Base */ = {isa = PBXFileReference; lastKnownFileType = file.storyboard; name = Base; path = Base.lproj/LaunchScreen.storyboard; sourceTree = "<group>"; };
		84E695E727F44AEE00338343 /* Info.plist */ = {isa = PBXFileReference; lastKnownFileType = text.plist.xml; path = Info.plist; sourceTree = "<group>"; };
/* End PBXFileReference section */

/* Begin PBXFrameworksBuildPhase section */
		84E695D327F44AEC00338343 /* Frameworks */ = {
			isa = PBXFrameworksBuildPhase;
			buildActionMask = 2147483647;
			files = (
			);
			runOnlyForDeploymentPostprocessing = 0;
		};
/* End PBXFrameworksBuildPhase section */

/* Begin PBXGroup section */
		8427D64628194BED0061F2C7 /* Model */ = {
			isa = PBXGroup;
			children = (
				84A50203282BA9D70079F854 /* Model.swift */,
				8494AFC727F4630000F40EE2 /* JSONModel.swift */,
				84B7325A27F5C703004199DA /* FilmCollectionViewCell.swift */,
				84A50205282BF65D0079F854 /* FavoriteFilmCell.swift */,
			);
			path = Model;
			sourceTree = "<group>";
		};
		8427D64728194C070061F2C7 /* Views */ = {
			isa = PBXGroup;
			children = (
				8427D64928194C5E0061F2C7 /* RoundingTransition.swift */,
				84E695E427F44AEE00338343 /* LaunchScreen.storyboard */,
				84C5BFF527FDD95F00686DCA /* FilmCollectionViewCell.xib */,
				84A50207282BF71C0079F854 /* FavoriteFilmCell.xib */,
				84E695DF27F44AEC00338343 /* Main.storyboard */,
			);
			path = Views;
			sourceTree = "<group>";
		};
		8427D64828194C1E0061F2C7 /* Controllers */ = {
			isa = PBXGroup;
			children = (
				84E695DD27F44AEC00338343 /* MainViewController.swift */,
				8494AFBF27F45AE300F40EE2 /* DetailFilmViewController.swift */,
				8494AFC127F45AF100F40EE2 /* FilmPicsViewController.swift */,
				8494AFC327F45B1300F40EE2 /* FullPicViewController.swift */,
				8494AFC527F45B2000F40EE2 /* FavoriteViewController.swift */,
				847986ED2805DDD800CD81BB /* PosterFullViewController.swift */,
			);
			path = Controllers;
			sourceTree = "<group>";
		};
		84E695CD27F44AEC00338343 = {
			isa = PBXGroup;
			children = (
				84E695D827F44AEC00338343 /* FilmsApp */,
				84E695D727F44AEC00338343 /* Products */,
			);
			sourceTree = "<group>";
		};
		84E695D727F44AEC00338343 /* Products */ = {
			isa = PBXGroup;
			children = (
				84E695D627F44AEC00338343 /* FilmsApp.app */,
			);
			name = Products;
			sourceTree = "<group>";
		};
		84E695D827F44AEC00338343 /* FilmsApp */ = {
			isa = PBXGroup;
			children = (
				8427D64628194BED0061F2C7 /* Model */,
				8427D64728194C070061F2C7 /* Views */,
				8427D64828194C1E0061F2C7 /* Controllers */,
				84E695D927F44AEC00338343 /* AppDelegate.swift */,
				84E695DB27F44AEC00338343 /* SceneDelegate.swift */,
				84E695E227F44AEE00338343 /* Assets.xcassets */,
				84E695E727F44AEE00338343 /* Info.plist */,
			);
			path = FilmsApp;
			sourceTree = "<group>";
		};
/* End PBXGroup section */

/* Begin PBXNativeTarget section */
		84E695D527F44AEC00338343 /* FilmsApp */ = {
			isa = PBXNativeTarget;
			buildConfigurationList = 84E695EA27F44AEE00338343 /* Build configuration list for PBXNativeTarget "FilmsApp" */;
			buildPhases = (
				84E695D227F44AEC00338343 /* Sources */,
				84E695D327F44AEC00338343 /* Frameworks */,
				84E695D427F44AEC00338343 /* Resources */,
			);
			buildRules = (
			);
			dependencies = (
			);
			name = FilmsApp;
			productName = FilmsApp;
			productReference = 84E695D627F44AEC00338343 /* FilmsApp.app */;
			productType = "com.apple.product-type.application";
		};
/* End PBXNativeTarget section */

/* Begin PBXProject section */
		84E695CE27F44AEC00338343 /* Project object */ = {
			isa = PBXProject;
			attributes = {
				BuildIndependentTargetsInParallel = 1;
				LastSwiftUpdateCheck = 1330;
				LastUpgradeCheck = 1330;
				TargetAttributes = {
					84E695D527F44AEC00338343 = {
						CreatedOnToolsVersion = 13.3;
					};
				};
			};
			buildConfigurationList = 84E695D127F44AEC00338343 /* Build configuration list for PBXProject "FilmsApp" */;
			compatibilityVersion = "Xcode 13.0";
			developmentRegion = en;
			hasScannedForEncodings = 0;
			knownRegions = (
				en,
				Base,
			);
			mainGroup = 84E695CD27F44AEC00338343;
			productRefGroup = 84E695D727F44AEC00338343 /* Products */;
			projectDirPath = "";
			projectRoot = "";
			targets = (
				84E695D527F44AEC00338343 /* FilmsApp */,
			);
		};
/* End PBXProject section */

/* Begin PBXResourcesBuildPhase section */
		84E695D427F44AEC00338343 /* Resources */ = {
			isa = PBXResourcesBuildPhase;
			buildActionMask = 2147483647;
			files = (
				84E695E627F44AEE00338343 /* LaunchScreen.storyboard in Resources */,
				84A50208282BF71C0079F854 /* FavoriteFilmCell.xib in Resources */,
				84E695E327F44AEE00338343 /* Assets.xcassets in Resources */,
				84C5BFF627FDD95F00686DCA /* FilmCollectionViewCell.xib in Resources */,
				84E695E127F44AEC00338343 /* Main.storyboard in Resources */,
			);
			runOnlyForDeploymentPostprocessing = 0;
		};
/* End PBXResourcesBuildPhase section */

/* Begin PBXSourcesBuildPhase section */
		84E695D227F44AEC00338343 /* Sources */ = {
			isa = PBXSourcesBuildPhase;
			buildActionMask = 2147483647;
			files = (
				8427D64A28194C5E0061F2C7 /* RoundingTransition.swift in Sources */,
				8494AFC427F45B1300F40EE2 /* FullPicViewController.swift in Sources */,
				84E695DE27F44AEC00338343 /* MainViewController.swift in Sources */,
				84A50204282BA9D70079F854 /* Model.swift in Sources */,
				84E695DA27F44AEC00338343 /* AppDelegate.swift in Sources */,
				8494AFC627F45B2000F40EE2 /* FavoriteViewController.swift in Sources */,
				84E695DC27F44AEC00338343 /* SceneDelegate.swift in Sources */,
				8494AFC827F4630000F40EE2 /* JSONModel.swift in Sources */,
				847986EE2805DDD800CD81BB /* PosterFullViewController.swift in Sources */,
				84A50206282BF65D0079F854 /* FavoriteFilmCell.swift in Sources */,
				84B7325B27F5C703004199DA /* FilmCollectionViewCell.swift in Sources */,
				8494AFC227F45AF100F40EE2 /* FilmPicsViewController.swift in Sources */,
				8494AFC027F45AE300F40EE2 /* DetailFilmViewController.swift in Sources */,
			);
			runOnlyForDeploymentPostprocessing = 0;
		};
/* End PBXSourcesBuildPhase section */

/* Begin PBXVariantGroup section */
		84E695DF27F44AEC00338343 /* Main.storyboard */ = {
			isa = PBXVariantGroup;
			children = (
				84E695E027F44AEC00338343 /* Base */,
			);
			name = Main.storyboard;
			sourceTree = "<group>";
		};
		84E695E427F44AEE00338343 /* LaunchScreen.storyboard */ = {
			isa = PBXVariantGroup;
			children = (
				84E695E527F44AEE00338343 /* Base */,
			);
			name = LaunchScreen.storyboard;
			sourceTree = "<group>";
		};
/* End PBXVariantGroup section */

/* Begin XCBuildConfiguration section */
		84E695E827F44AEE00338343 /* Debug */ = {
			isa = XCBuildConfiguration;
			buildSettings = {
				ALWAYS_SEARCH_USER_PATHS = NO;
				CLANG_ANALYZER_NONNULL = YES;
				CLANG_ANALYZER_NUMBER_OBJECT_CONVERSION = YES_AGGRESSIVE;
				CLANG_CXX_LANGUAGE_STANDARD = "gnu++17";
				CLANG_ENABLE_MODULES = YES;
				CLANG_ENABLE_OBJC_ARC = YES;
				CLANG_ENABLE_OBJC_WEAK = YES;
				CLANG_WARN_BLOCK_CAPTURE_AUTORELEASING = YES;
				CLANG_WARN_BOOL_CONVERSION = YES;
				CLANG_WARN_COMMA = YES;
				CLANG_WARN_CONSTANT_CONVERSION = YES;
				CLANG_WARN_DEPRECATED_OBJC_IMPLEMENTATIONS = YES;
				CLANG_WARN_DIRECT_OBJC_ISA_USAGE = YES_ERROR;
				CLANG_WARN_DOCUMENTATION_COMMENTS = YES;
				CLANG_WARN_EMPTY_BODY = YES;
				CLANG_WARN_ENUM_CONVERSION = YES;
				CLANG_WARN_INFINITE_RECURSION = YES;
				CLANG_WARN_INT_CONVERSION = YES;
				CLANG_WARN_NON_LITERAL_NULL_CONVERSION = YES;
				CLANG_WARN_OBJC_IMPLICIT_RETAIN_SELF = YES;
				CLANG_WARN_OBJC_LITERAL_CONVERSION = YES;
				CLANG_WARN_OBJC_ROOT_CLASS = YES_ERROR;
				CLANG_WARN_QUOTED_INCLUDE_IN_FRAMEWORK_HEADER = YES;
				CLANG_WARN_RANGE_LOOP_ANALYSIS = YES;
				CLANG_WARN_STRICT_PROTOTYPES = YES;
				CLANG_WARN_SUSPICIOUS_MOVE = YES;
				CLANG_WARN_UNGUARDED_AVAILABILITY = YES_AGGRESSIVE;
				CLANG_WARN_UNREACHABLE_CODE = YES;
				CLANG_WARN__DUPLICATE_METHOD_MATCH = YES;
				COPY_PHASE_STRIP = NO;
				DEBUG_INFORMATION_FORMAT = dwarf;
				ENABLE_STRICT_OBJC_MSGSEND = YES;
				ENABLE_TESTABILITY = YES;
				GCC_C_LANGUAGE_STANDARD = gnu11;
				GCC_DYNAMIC_NO_PIC = NO;
				GCC_NO_COMMON_BLOCKS = YES;
				GCC_OPTIMIZATION_LEVEL = 0;
				GCC_PREPROCESSOR_DEFINITIONS = (
					"DEBUG=1",
					"$(inherited)",
				);
				GCC_WARN_64_TO_32_BIT_CONVERSION = YES;
				GCC_WARN_ABOUT_RETURN_TYPE = YES_ERROR;
				GCC_WARN_UNDECLARED_SELECTOR = YES;
				GCC_WARN_UNINITIALIZED_AUTOS = YES_AGGRESSIVE;
				GCC_WARN_UNUSED_FUNCTION = YES;
				GCC_WARN_UNUSED_VARIABLE = YES;
				IPHONEOS_DEPLOYMENT_TARGET = 15.4;
				MTL_ENABLE_DEBUG_INFO = INCLUDE_SOURCE;
				MTL_FAST_MATH = YES;
				ONLY_ACTIVE_ARCH = YES;
				SDKROOT = iphoneos;
				SWIFT_ACTIVE_COMPILATION_CONDITIONS = DEBUG;
				SWIFT_OPTIMIZATION_LEVEL = "-Onone";
			};
			name = Debug;
		};
		84E695E927F44AEE00338343 /* Release */ = {
			isa = XCBuildConfiguration;
			buildSettings = {
				ALWAYS_SEARCH_USER_PATHS = NO;
				CLANG_ANALYZER_NONNULL = YES;
				CLANG_ANALYZER_NUMBER_OBJECT_CONVERSION = YES_AGGRESSIVE;
				CLANG_CXX_LANGUAGE_STANDARD = "gnu++17";
				CLANG_ENABLE_MODULES = YES;
				CLANG_ENABLE_OBJC_ARC = YES;
				CLANG_ENABLE_OBJC_WEAK = YES;
				CLANG_WARN_BLOCK_CAPTURE_AUTORELEASING = YES;
				CLANG_WARN_BOOL_CONVERSION = YES;
				CLANG_WARN_COMMA = YES;
				CLANG_WARN_CONSTANT_CONVERSION = YES;
				CLANG_WARN_DEPRECATED_OBJC_IMPLEMENTATIONS = YES;
				CLANG_WARN_DIRECT_OBJC_ISA_USAGE = YES_ERROR;
				CLANG_WARN_DOCUMENTATION_COMMENTS = YES;
				CLANG_WARN_EMPTY_BODY = YES;
				CLANG_WARN_ENUM_CONVERSION = YES;
				CLANG_WARN_INFINITE_RECURSION = YES;
				CLANG_WARN_INT_CONVERSION = YES;
				CLANG_WARN_NON_LITERAL_NULL_CONVERSION = YES;
				CLANG_WARN_OBJC_IMPLICIT_RETAIN_SELF = YES;
				CLANG_WARN_OBJC_LITERAL_CONVERSION = YES;
				CLANG_WARN_OBJC_ROOT_CLASS = YES_ERROR;
				CLANG_WARN_QUOTED_INCLUDE_IN_FRAMEWORK_HEADER = YES;
				CLANG_WARN_RANGE_LOOP_ANALYSIS = YES;
				CLANG_WARN_STRICT_PROTOTYPES = YES;
				CLANG_WARN_SUSPICIOUS_MOVE = YES;
				CLANG_WARN_UNGUARDED_AVAILABILITY = YES_AGGRESSIVE;
				CLANG_WARN_UNREACHABLE_CODE = YES;
				CLANG_WARN__DUPLICATE_METHOD_MATCH = YES;
				COPY_PHASE_STRIP = NO;
				DEBUG_INFORMATION_FORMAT = "dwarf-with-dsym";
				ENABLE_NS_ASSERTIONS = NO;
				ENABLE_STRICT_OBJC_MSGSEND = YES;
				GCC_C_LANGUAGE_STANDARD = gnu11;
				GCC_NO_COMMON_BLOCKS = YES;
				GCC_WARN_64_TO_32_BIT_CONVERSION = YES;
				GCC_WARN_ABOUT_RETURN_TYPE = YES_ERROR;
				GCC_WARN_UNDECLARED_SELECTOR = YES;
				GCC_WARN_UNINITIALIZED_AUTOS = YES_AGGRESSIVE;
				GCC_WARN_UNUSED_FUNCTION = YES;
				GCC_WARN_UNUSED_VARIABLE = YES;
				IPHONEOS_DEPLOYMENT_TARGET = 15.4;
				MTL_ENABLE_DEBUG_INFO = NO;
				MTL_FAST_MATH = YES;
				SDKROOT = iphoneos;
				SWIFT_COMPILATION_MODE = wholemodule;
				SWIFT_OPTIMIZATION_LEVEL = "-O";
				VALIDATE_PRODUCT = YES;
			};
			name = Release;
		};
		84E695EB27F44AEE00338343 /* Debug */ = {
			isa = XCBuildConfiguration;
			buildSettings = {
				ASSETCATALOG_COMPILER_APPICON_NAME = AppIcon;
				ASSETCATALOG_COMPILER_GLOBAL_ACCENT_COLOR_NAME = AccentColor;
				CODE_SIGN_STYLE = Automatic;
				CURRENT_PROJECT_VERSION = 1;
				DEVELOPMENT_TEAM = 4L79X8T38U;
				GENERATE_INFOPLIST_FILE = YES;
				INFOPLIST_FILE = FilmsApp/Info.plist;
				INFOPLIST_KEY_UIApplicationSupportsIndirectInputEvents = YES;
				INFOPLIST_KEY_UILaunchStoryboardName = LaunchScreen;
				INFOPLIST_KEY_UIMainStoryboardFile = Main;
				INFOPLIST_KEY_UISupportedInterfaceOrientations = UIInterfaceOrientationPortrait;
				INFOPLIST_KEY_UISupportedInterfaceOrientations_iPad = "UIInterfaceOrientationPortrait UIInterfaceOrientationPortraitUpsideDown UIInterfaceOrientationLandscapeLeft UIInterfaceOrientationLandscapeRight";
				INFOPLIST_KEY_UISupportedInterfaceOrientations_iPhone = "UIInterfaceOrientationPortrait UIInterfaceOrientationLandscapeLeft UIInterfaceOrientationLandscapeRight";
				LD_RUNPATH_SEARCH_PATHS = (
					"$(inherited)",
					"@executable_path/Frameworks",
				);
				MARKETING_VERSION = 1.0;
				PRODUCT_BUNDLE_IDENTIFIER = com.skillFactory.FilmsApp;
				PRODUCT_NAME = "$(TARGET_NAME)";
				SWIFT_EMIT_LOC_STRINGS = YES;
				SWIFT_VERSION = 5.0;
				TARGETED_DEVICE_FAMILY = "1,2";
			};
			name = Debug;
		};
		84E695EC27F44AEE00338343 /* Release */ = {
			isa = XCBuildConfiguration;
			buildSettings = {
				ASSETCATALOG_COMPILER_APPICON_NAME = AppIcon;
				ASSETCATALOG_COMPILER_GLOBAL_ACCENT_COLOR_NAME = AccentColor;
				CODE_SIGN_STYLE = Automatic;
				CURRENT_PROJECT_VERSION = 1;
				DEVELOPMENT_TEAM = 4L79X8T38U;
				GENERATE_INFOPLIST_FILE = YES;
				INFOPLIST_FILE = FilmsApp/Info.plist;
				INFOPLIST_KEY_UIApplicationSupportsIndirectInputEvents = YES;
				INFOPLIST_KEY_UILaunchStoryboardName = LaunchScreen;
				INFOPLIST_KEY_UIMainStoryboardFile = Main;
				INFOPLIST_KEY_UISupportedInterfaceOrientations = UIInterfaceOrientationPortrait;
				INFOPLIST_KEY_UISupportedInterfaceOrientations_iPad = "UIInterfaceOrientationPortrait UIInterfaceOrientationPortraitUpsideDown UIInterfaceOrientationLandscapeLeft UIInterfaceOrientationLandscapeRight";
				INFOPLIST_KEY_UISupportedInterfaceOrientations_iPhone = "UIInterfaceOrientationPortrait UIInterfaceOrientationLandscapeLeft UIInterfaceOrientationLandscapeRight";
				LD_RUNPATH_SEARCH_PATHS = (
					"$(inherited)",
					"@executable_path/Frameworks",
				);
				MARKETING_VERSION = 1.0;
				PRODUCT_BUNDLE_IDENTIFIER = com.skillFactory.FilmsApp;
				PRODUCT_NAME = "$(TARGET_NAME)";
				SWIFT_EMIT_LOC_STRINGS = YES;
				SWIFT_VERSION = 5.0;
				TARGETED_DEVICE_FAMILY = "1,2";
			};
			name = Release;
		};
/* End XCBuildConfiguration section */

/* Begin XCConfigurationList section */
		84E695D127F44AEC00338343 /* Build configuration list for PBXProject "FilmsApp" */ = {
			isa = XCConfigurationList;
			buildConfigurations = (
				84E695E827F44AEE00338343 /* Debug */,
				84E695E927F44AEE00338343 /* Release */,
			);
			defaultConfigurationIsVisible = 0;
			defaultConfigurationName = Release;
		};
		84E695EA27F44AEE00338343 /* Build configuration list for PBXNativeTarget "FilmsApp" */ = {
			isa = XCConfigurationList;
			buildConfigurations = (
				84E695EB27F44AEE00338343 /* Debug */,
				84E695EC27F44AEE00338343 /* Release */,
			);
			defaultConfigurationIsVisible = 0;
			defaultConfigurationName = Release;
		};
/* End XCConfigurationList section */
	};
	rootObject = 84E695CE27F44AEC00338343 /* Project object */;
}
